
Microsoft Visual Studio Solution File, Format Version 12.00
# Visual Studio Version 17
VisualStudioVersion = 17.4.33205.214
MinimumVisualStudioVersion = 10.0.40219.1
Project("{E53339B2-1760-4266-BCC7-CA923CBCF16C}") = "docker-compose", "docker-compose.dcproj", "{0EC09051-AEFE-42B2-9AA5-0B11F86E6C02}"
EndProject
Project("{9A19103F-16F7-4668-BE54-9A1E7A4F7556}") = "EnvironmentCredentialExample", "EnvironmentCredentialExample\EnvironmentCredentialExample.csproj", "{9058BF67-9EFE-4717-8602-67D35940935A}"
EndProject
Project("{2150E333-8FDC-42A3-9474-1A3956D46DE8}") = "Solution Items", "Solution Items", "{921A31F9-578C-4ABA-B819-070329FAAECF}"
	ProjectSection(SolutionItems) = preProject
		README.md = README.md
	EndProjectSection
EndProject
Global
	GlobalSection(SolutionConfigurationPlatforms) = preSolution
		Debug|Any CPU = Debug|Any CPU
		Release|Any CPU = Release|Any CPU
	EndGlobalSection
	GlobalSection(ProjectConfigurationPlatforms) = postSolution
		{9058BF67-9EFE-4717-8602-67D35940935A}.Debug|Any CPU.ActiveCfg = Debug|Any CPU
		{9058BF67-9EFE-4717-8602-67D35940935A}.Debug|Any CPU.Build.0 = Debug|Any CPU
		{9058BF67-9EFE-4717-8602-67D35940935A}.Release|Any CPU.ActiveCfg = Release|Any CPU
		{9058BF67-9EFE-4717-8602-67D35940935A}.Release|Any CPU.Build.0 = Release|Any CPU
		{0EC09051-AEFE-42B2-9AA5-0B11F86E6C02}.Debug|Any CPU.ActiveCfg = Debug|Any CPU
		{0EC09051-AEFE-42B2-9AA5-0B11F86E6C02}.Debug|Any CPU.Build.0 = Debug|Any CPU
		{0EC09051-AEFE-42B2-9AA5-0B11F86E6C02}.Release|Any CPU.ActiveCfg = Release|Any CPU
		{0EC09051-AEFE-42B2-9AA5-0B11F86E6C02}.Release|Any CPU.Build.0 = Release|Any CPU
	EndGlobalSection
	GlobalSection(SolutionProperties) = preSolution
		HideSolutionNode = FALSE
	EndGlobalSection
	GlobalSection(ExtensibilityGlobals) = postSolution
		SolutionGuid = {BBADD6D3-1E0B-4C86-9E47-EAE83EEFAB2F}
	EndGlobalSection
EndGlobal
